
Microsoft Visual Studio Solution File, Format Version 12.00
# Visual Studio Version 17
VisualStudioVersion = 17.11.35303.130
MinimumVisualStudioVersion = 10.0.40219.1
Project("{FAE04EC0-301F-11D3-BF4B-00C04F79EFBC}") = "PrimerProjecte_PeraltaSandovalEric", "PrimerProjecte_PeraltaSandovalEric\PrimerProjecte_PeraltaSandovalEric.csproj", "{0EA34887-A7E5-47AA-9CBF-8A6C2C4628A3}"
EndProject
Global
	GlobalSection(SolutionConfigurationPlatforms) = preSolution
		Debug|Any CPU = Debug|Any CPU
		Release|Any CPU = Release|Any CPU
	EndGlobalSection
	GlobalSection(ProjectConfigurationPlatforms) = postSolution
		{0EA34887-A7E5-47AA-9CBF-8A6C2C4628A3}.Debug|Any CPU.ActiveCfg = Debug|Any CPU
		{0EA34887-A7E5-47AA-9CBF-8A6C2C4628A3}.Debug|Any CPU.Build.0 = Debug|Any CPU
		{0EA34887-A7E5-47AA-9CBF-8A6C2C4628A3}.Release|Any CPU.ActiveCfg = Release|Any CPU
		{0EA34887-A7E5-47AA-9CBF-8A6C2C4628A3}.Release|Any CPU.Build.0 = Release|Any CPU
	EndGlobalSection
	GlobalSection(SolutionProperties) = preSolution
		HideSolutionNode = FALSE
	EndGlobalSection
	GlobalSection(ExtensibilityGlobals) = postSolution
		SolutionGuid = {15C69F79-25F6-47A0-871D-E55B224A027D}
	EndGlobalSection
EndGlobal
